{
  "name": "Lab 1 4sem",
  "lockfileVersion": 3,
  "requires": true,
  "packages": {
    "": {
      "dependencies": {
        "reverse-geocode": "^1.3.3"
      },
      "devDependencies": {
        "random-words": "^1.2.1"
      }
    },
    "node_modules/random-words": {
      "version": "1.2.1",
      "resolved": "https://registry.npmjs.org/random-words/-/random-words-1.2.1.tgz",
      "integrity": "sha512-LG7ejRI9bhOeJ9+Rde4nRyCgdpfmC6vDZU/KlWdvWfMhK88aEWyl6f8qkLxlgO/qvWAXanhhulzQBZT8uDApCA==",
      "dev": true
    },
    "node_modules/reverse-geocode": {
      "version": "1.3.3",
      "resolved": "https://registry.npmjs.org/reverse-geocode/-/reverse-geocode-1.3.3.tgz",
      "integrity": "sha512-xfFKCmCjLk/WyEtsyZycZwlRiV02alFIjWv/yoTamolLFtWwAGTfk15BhaLblXvMpf+nwrfalzH+3jxc7g+8gA==",
      "engines": {
        "node": ">=10"
      }
    }
  }
}
